
Microsoft Visual Studio Solution File, Format Version 12.00
# Visual Studio Version 17
VisualStudioVersion = 17.8.34601.278
MinimumVisualStudioVersion = 10.0.40219.1
Project("{9A19103F-16F7-4668-BE54-9A1E7A4F7556}") = "BookWeb", "BookWeb\BookWeb.csproj", "{BE08A9DC-844C-48B9-869F-5AA0C89CD64A}"
EndProject
Project("{9A19103F-16F7-4668-BE54-9A1E7A4F7556}") = "BookWebRazor_Temp", "BookWebRazor_Temp\BookWebRazor_Temp.csproj", "{B5824E0C-AC66-41B9-8393-0E57964FC360}"
EndProject
Project("{FAE04EC0-301F-11D3-BF4B-00C04F79EFBC}") = "Book.DataAccess", "Book.DataAccess\Book.DataAccess.csproj", "{9636C14C-A3FA-4604-9CCE-3BCFE9FBF350}"
EndProject
Project("{FAE04EC0-301F-11D3-BF4B-00C04F79EFBC}") = "Book.Models", "Book.Models\Book.Models.csproj", "{076CD933-70F7-4179-8982-58347717CFFC}"
EndProject
Project("{FAE04EC0-301F-11D3-BF4B-00C04F79EFBC}") = "Book.Utility", "Book.Utility\Book.Utility.csproj", "{B64E2993-9D0B-4D43-BA45-20BB28D8C10E}"
EndProject
Global
	GlobalSection(SolutionConfigurationPlatforms) = preSolution
		Debug|Any CPU = Debug|Any CPU
		Release|Any CPU = Release|Any CPU
	EndGlobalSection
	GlobalSection(ProjectConfigurationPlatforms) = postSolution
		{BE08A9DC-844C-48B9-869F-5AA0C89CD64A}.Debug|Any CPU.ActiveCfg = Debug|Any CPU
		{BE08A9DC-844C-48B9-869F-5AA0C89CD64A}.Debug|Any CPU.Build.0 = Debug|Any CPU
		{BE08A9DC-844C-48B9-869F-5AA0C89CD64A}.Release|Any CPU.ActiveCfg = Release|Any CPU
		{BE08A9DC-844C-48B9-869F-5AA0C89CD64A}.Release|Any CPU.Build.0 = Release|Any CPU
		{B5824E0C-AC66-41B9-8393-0E57964FC360}.Debug|Any CPU.ActiveCfg = Debug|Any CPU
		{B5824E0C-AC66-41B9-8393-0E57964FC360}.Debug|Any CPU.Build.0 = Debug|Any CPU
		{B5824E0C-AC66-41B9-8393-0E57964FC360}.Release|Any CPU.ActiveCfg = Release|Any CPU
		{B5824E0C-AC66-41B9-8393-0E57964FC360}.Release|Any CPU.Build.0 = Release|Any CPU
		{9636C14C-A3FA-4604-9CCE-3BCFE9FBF350}.Debug|Any CPU.ActiveCfg = Debug|Any CPU
		{9636C14C-A3FA-4604-9CCE-3BCFE9FBF350}.Debug|Any CPU.Build.0 = Debug|Any CPU
		{9636C14C-A3FA-4604-9CCE-3BCFE9FBF350}.Release|Any CPU.ActiveCfg = Release|Any CPU
		{9636C14C-A3FA-4604-9CCE-3BCFE9FBF350}.Release|Any CPU.Build.0 = Release|Any CPU
		{076CD933-70F7-4179-8982-58347717CFFC}.Debug|Any CPU.ActiveCfg = Debug|Any CPU
		{076CD933-70F7-4179-8982-58347717CFFC}.Debug|Any CPU.Build.0 = Debug|Any CPU
		{076CD933-70F7-4179-8982-58347717CFFC}.Release|Any CPU.ActiveCfg = Release|Any CPU
		{076CD933-70F7-4179-8982-58347717CFFC}.Release|Any CPU.Build.0 = Release|Any CPU
		{B64E2993-9D0B-4D43-BA45-20BB28D8C10E}.Debug|Any CPU.ActiveCfg = Debug|Any CPU
		{B64E2993-9D0B-4D43-BA45-20BB28D8C10E}.Debug|Any CPU.Build.0 = Debug|Any CPU
		{B64E2993-9D0B-4D43-BA45-20BB28D8C10E}.Release|Any CPU.ActiveCfg = Release|Any CPU
		{B64E2993-9D0B-4D43-BA45-20BB28D8C10E}.Release|Any CPU.Build.0 = Release|Any CPU
	EndGlobalSection
	GlobalSection(SolutionProperties) = preSolution
		HideSolutionNode = FALSE
	EndGlobalSection
	GlobalSection(ExtensibilityGlobals) = postSolution
		SolutionGuid = {0AEF1D28-019E-4C21-B65D-D252135196DD}
	EndGlobalSection
EndGlobal
